
Microsoft Visual Studio Solution File, Format Version 12.00
# Visual Studio Version 16
VisualStudioVersion = 16.0.31515.178
MinimumVisualStudioVersion = 10.0.40219.1
Project("{FAE04EC0-301F-11D3-BF4B-00C04F79EFBC}") = "esDelegate4", "esDelegate4\esDelegate4.csproj", "{09A0DAA1-7BEF-4FC8-86E4-5C3A144A5FEF}"
EndProject
Global
	GlobalSection(SolutionConfigurationPlatforms) = preSolution
		Debug|Any CPU = Debug|Any CPU
		Release|Any CPU = Release|Any CPU
	EndGlobalSection
	GlobalSection(ProjectConfigurationPlatforms) = postSolution
		{09A0DAA1-7BEF-4FC8-86E4-5C3A144A5FEF}.Debug|Any CPU.ActiveCfg = Debug|Any CPU
		{09A0DAA1-7BEF-4FC8-86E4-5C3A144A5FEF}.Debug|Any CPU.Build.0 = Debug|Any CPU
		{09A0DAA1-7BEF-4FC8-86E4-5C3A144A5FEF}.Release|Any CPU.ActiveCfg = Release|Any CPU
		{09A0DAA1-7BEF-4FC8-86E4-5C3A144A5FEF}.Release|Any CPU.Build.0 = Release|Any CPU
	EndGlobalSection
	GlobalSection(SolutionProperties) = preSolution
		HideSolutionNode = FALSE
	EndGlobalSection
	GlobalSection(ExtensibilityGlobals) = postSolution
		SolutionGuid = {913C3001-60E5-4BD5-93F5-2244C1FC0CBA}
	EndGlobalSection
EndGlobal
